// !$*UTF8*$!
{
	archiveVersion = 1;
	classes = {
	};
	objectVersion = 46;
	objects = {

/* Begin PBXBuildFile section */
		993451F11A05353000178444 /* ParseFacebookUtils.framework in Frameworks */ = {isa = PBXBuildFile; fileRef = 993451F01A05353000178444 /* ParseFacebookUtils.framework */; };
		99A349471A04A148006E15AF /* SystemConfiguration.framework in Frameworks */ = {isa = PBXBuildFile; fileRef = 99A349451A04A134006E15AF /* SystemConfiguration.framework */; };
		99A349481A04A148006E15AF /* StoreKit.framework in Frameworks */ = {isa = PBXBuildFile; fileRef = 99A349431A04A12D006E15AF /* StoreKit.framework */; };
		99A349491A04A148006E15AF /* Security.framework in Frameworks */ = {isa = PBXBuildFile; fileRef = 99A349411A04A126006E15AF /* Security.framework */; };
		99A3494A1A04A148006E15AF /* QuartzCore.framework in Frameworks */ = {isa = PBXBuildFile; fileRef = 99A3493F1A04A120006E15AF /* QuartzCore.framework */; };
		99A3494B1A04A148006E15AF /* MobileCoreServices.framework in Frameworks */ = {isa = PBXBuildFile; fileRef = 99A3493D1A04A11A006E15AF /* MobileCoreServices.framework */; };
		99A3494C1A04A148006E15AF /* libz.dylib in Frameworks */ = {isa = PBXBuildFile; fileRef = 99A3493B1A04A112006E15AF /* libz.dylib */; };
		99A3494D1A04A148006E15AF /* CoreLocation.framework in Frameworks */ = {isa = PBXBuildFile; fileRef = 99A349391A04A107006E15AF /* CoreLocation.framework */; };
		99A3494E1A04A148006E15AF /* CoreGraphics.framework in Frameworks */ = {isa = PBXBuildFile; fileRef = 99A349371A04A102006E15AF /* CoreGraphics.framework */; };
		99A3494F1A04A148006E15AF /* CFNetwork.framework in Frameworks */ = {isa = PBXBuildFile; fileRef = 99A349351A04A0DA006E15AF /* CFNetwork.framework */; };
		99A349501A04A148006E15AF /* AudioToolbox.framework in Frameworks */ = {isa = PBXBuildFile; fileRef = 99A349331A04A0D4006E15AF /* AudioToolbox.framework */; };
		99A349521A04A5E6006E15AF /* Bolts.framework in Frameworks */ = {isa = PBXBuildFile; fileRef = 99A349511A04A5E6006E15AF /* Bolts.framework */; };
		99EE4B591A04983500F9B7CF /* AppDelegate.swift in Sources */ = {isa = PBXBuildFile; fileRef = 99EE4B581A04983500F9B7CF /* AppDelegate.swift */; };
		99EE4B5B1A04983500F9B7CF /* ViewController.swift in Sources */ = {isa = PBXBuildFile; fileRef = 99EE4B5A1A04983500F9B7CF /* ViewController.swift */; };
		99EE4B5E1A04983500F9B7CF /* Main.storyboard in Resources */ = {isa = PBXBuildFile; fileRef = 99EE4B5C1A04983500F9B7CF /* Main.storyboard */; };
		99EE4B601A04983500F9B7CF /* Images.xcassets in Resources */ = {isa = PBXBuildFile; fileRef = 99EE4B5F1A04983500F9B7CF /* Images.xcassets */; };
		99EE4B631A04983500F9B7CF /* LaunchScreen.xib in Resources */ = {isa = PBXBuildFile; fileRef = 99EE4B611A04983500F9B7CF /* LaunchScreen.xib */; };
		99EE4B6F1A04983500F9B7CF /* RoamTests.swift in Sources */ = {isa = PBXBuildFile; fileRef = 99EE4B6E1A04983500F9B7CF /* RoamTests.swift */; };
		99EE4C031A04A05300F9B7CF /* Parse.framework in Frameworks */ = {isa = PBXBuildFile; fileRef = 99EE4C021A04A05300F9B7CF /* Parse.framework */; };
		E05EB6681A04B37800A52458 /* VerticalScrollView.swift in Sources */ = {isa = PBXBuildFile; fileRef = E05EB6671A04B37800A52458 /* VerticalScrollView.swift */; };
		E05EB66A1A04B3B000A52458 /* ClipView.swift in Sources */ = {isa = PBXBuildFile; fileRef = E05EB6691A04B3B000A52458 /* ClipView.swift */; };
		E05EB66C1A04B3D700A52458 /* CardScrollView.swift in Sources */ = {isa = PBXBuildFile; fileRef = E05EB66B1A04B3D700A52458 /* CardScrollView.swift */; };
		E05EB66E1A04B3E800A52458 /* Card.swift in Sources */ = {isa = PBXBuildFile; fileRef = E05EB66D1A04B3E800A52458 /* Card.swift */; };
		E05EB6701A0505FB00A52458 /* LoginViewController.swift in Sources */ = {isa = PBXBuildFile; fileRef = E05EB66F1A0505FB00A52458 /* LoginViewController.swift */; };
		E05EB6F71A05620800A52458 /* FacebookSDK.framework in Frameworks */ = {isa = PBXBuildFile; fileRef = E05EB6F61A05620800A52458 /* FacebookSDK.framework */; };
		E05EB7041A059ED800A52458 /* Alamofire.framework in Copy Frameworks */ = {isa = PBXBuildFile; fileRef = E05EB6FE1A059DB800A52458 /* Alamofire.framework */; settings = {ATTRIBUTES = (CodeSignOnCopy, RemoveHeadersOnCopy, ); }; };
/* End PBXBuildFile section */

/* Begin PBXContainerItemProxy section */
		99EE4B691A04983500F9B7CF /* PBXContainerItemProxy */ = {
			isa = PBXContainerItemProxy;
			containerPortal = 99EE4B4B1A04983500F9B7CF /* Project object */;
			proxyType = 1;
			remoteGlobalIDString = 99EE4B521A04983500F9B7CF;
			remoteInfo = Roam;
		};
		E05EB6FD1A059DB800A52458 /* PBXContainerItemProxy */ = {
			isa = PBXContainerItemProxy;
			containerPortal = E05EB6F81A059DB800A52458 /* Alamofire.xcodeproj */;
			proxyType = 2;
			remoteGlobalIDString = F8111E3319A95C8B0040E7D1;
			remoteInfo = Alamofire;
		};
		E05EB6FF1A059DB800A52458 /* PBXContainerItemProxy */ = {
			isa = PBXContainerItemProxy;
			containerPortal = E05EB6F81A059DB800A52458 /* Alamofire.xcodeproj */;
			proxyType = 2;
			remoteGlobalIDString = F8111E3E19A95C8B0040E7D1;
			remoteInfo = AlamofireTests;
		};
		E05EB7011A059EA400A52458 /* PBXContainerItemProxy */ = {
			isa = PBXContainerItemProxy;
			containerPortal = E05EB6F81A059DB800A52458 /* Alamofire.xcodeproj */;
			proxyType = 1;
			remoteGlobalIDString = F8111E3219A95C8B0040E7D1;
			remoteInfo = Alamofire;
		};
/* End PBXContainerItemProxy section */

/* Begin PBXCopyFilesBuildPhase section */
		E05EB7031A059EB900A52458 /* Copy Frameworks */ = {
			isa = PBXCopyFilesBuildPhase;
			buildActionMask = 2147483647;
			dstPath = "";
			dstSubfolderSpec = 10;
			files = (
				E05EB7041A059ED800A52458 /* Alamofire.framework in Copy Frameworks */,
			);
			name = "Copy Frameworks";
			runOnlyForDeploymentPostprocessing = 0;
		};
/* End PBXCopyFilesBuildPhase section */

/* Begin PBXFileReference section */
		993451ED1A05342C00178444 /* Roam-Bridging-Header.h */ = {isa = PBXFileReference; lastKnownFileType = sourcecode.c.h; path = "Roam-Bridging-Header.h"; sourceTree = "<group>"; };
		993451F01A05353000178444 /* ParseFacebookUtils.framework */ = {isa = PBXFileReference; lastKnownFileType = wrapper.framework; path = ParseFacebookUtils.framework; sourceTree = "<group>"; };
		99A349331A04A0D4006E15AF /* AudioToolbox.framework */ = {isa = PBXFileReference; lastKnownFileType = wrapper.framework; name = AudioToolbox.framework; path = System/Library/Frameworks/AudioToolbox.framework; sourceTree = SDKROOT; };
		99A349351A04A0DA006E15AF /* CFNetwork.framework */ = {isa = PBXFileReference; lastKnownFileType = wrapper.framework; name = CFNetwork.framework; path = System/Library/Frameworks/CFNetwork.framework; sourceTree = SDKROOT; };
		99A349371A04A102006E15AF /* CoreGraphics.framework */ = {isa = PBXFileReference; lastKnownFileType = wrapper.framework; name = CoreGraphics.framework; path = System/Library/Frameworks/CoreGraphics.framework; sourceTree = SDKROOT; };
		99A349391A04A107006E15AF /* CoreLocation.framework */ = {isa = PBXFileReference; lastKnownFileType = wrapper.framework; name = CoreLocation.framework; path = System/Library/Frameworks/CoreLocation.framework; sourceTree = SDKROOT; };
		99A3493B1A04A112006E15AF /* libz.dylib */ = {isa = PBXFileReference; lastKnownFileType = "compiled.mach-o.dylib"; name = libz.dylib; path = usr/lib/libz.dylib; sourceTree = SDKROOT; };
		99A3493D1A04A11A006E15AF /* MobileCoreServices.framework */ = {isa = PBXFileReference; lastKnownFileType = wrapper.framework; name = MobileCoreServices.framework; path = System/Library/Frameworks/MobileCoreServices.framework; sourceTree = SDKROOT; };
		99A3493F1A04A120006E15AF /* QuartzCore.framework */ = {isa = PBXFileReference; lastKnownFileType = wrapper.framework; name = QuartzCore.framework; path = System/Library/Frameworks/QuartzCore.framework; sourceTree = SDKROOT; };
		99A349411A04A126006E15AF /* Security.framework */ = {isa = PBXFileReference; lastKnownFileType = wrapper.framework; name = Security.framework; path = System/Library/Frameworks/Security.framework; sourceTree = SDKROOT; };
		99A349431A04A12D006E15AF /* StoreKit.framework */ = {isa = PBXFileReference; lastKnownFileType = wrapper.framework; name = StoreKit.framework; path = System/Library/Frameworks/StoreKit.framework; sourceTree = SDKROOT; };
		99A349451A04A134006E15AF /* SystemConfiguration.framework */ = {isa = PBXFileReference; lastKnownFileType = wrapper.framework; name = SystemConfiguration.framework; path = System/Library/Frameworks/SystemConfiguration.framework; sourceTree = SDKROOT; };
		99A349511A04A5E6006E15AF /* Bolts.framework */ = {isa = PBXFileReference; lastKnownFileType = wrapper.framework; path = Bolts.framework; sourceTree = "<group>"; };
		99EE4B531A04983500F9B7CF /* Roam.app */ = {isa = PBXFileReference; explicitFileType = wrapper.application; includeInIndex = 0; path = Roam.app; sourceTree = BUILT_PRODUCTS_DIR; };
		99EE4B571A04983500F9B7CF /* Info.plist */ = {isa = PBXFileReference; lastKnownFileType = text.plist.xml; path = Info.plist; sourceTree = "<group>"; };
		99EE4B581A04983500F9B7CF /* AppDelegate.swift */ = {isa = PBXFileReference; lastKnownFileType = sourcecode.swift; path = AppDelegate.swift; sourceTree = "<group>"; };
		99EE4B5A1A04983500F9B7CF /* ViewController.swift */ = {isa = PBXFileReference; lastKnownFileType = sourcecode.swift; path = ViewController.swift; sourceTree = "<group>"; };
		99EE4B5D1A04983500F9B7CF /* Base */ = {isa = PBXFileReference; lastKnownFileType = file.storyboard; name = Base; path = Base.lproj/Main.storyboard; sourceTree = "<group>"; };
		99EE4B5F1A04983500F9B7CF /* Images.xcassets */ = {isa = PBXFileReference; lastKnownFileType = folder.assetcatalog; path = Images.xcassets; sourceTree = "<group>"; };
		99EE4B621A04983500F9B7CF /* Base */ = {isa = PBXFileReference; lastKnownFileType = file.xib; name = Base; path = Base.lproj/LaunchScreen.xib; sourceTree = "<group>"; };
		99EE4B681A04983500F9B7CF /* RoamTests.xctest */ = {isa = PBXFileReference; explicitFileType = wrapper.cfbundle; includeInIndex = 0; path = RoamTests.xctest; sourceTree = BUILT_PRODUCTS_DIR; };
		99EE4B6D1A04983500F9B7CF /* Info.plist */ = {isa = PBXFileReference; lastKnownFileType = text.plist.xml; path = Info.plist; sourceTree = "<group>"; };
		99EE4B6E1A04983500F9B7CF /* RoamTests.swift */ = {isa = PBXFileReference; lastKnownFileType = sourcecode.swift; path = RoamTests.swift; sourceTree = "<group>"; };
		99EE4C021A04A05300F9B7CF /* Parse.framework */ = {isa = PBXFileReference; lastKnownFileType = wrapper.framework; path = Parse.framework; sourceTree = "<group>"; };
		E05EB6671A04B37800A52458 /* VerticalScrollView.swift */ = {isa = PBXFileReference; fileEncoding = 4; lastKnownFileType = sourcecode.swift; path = VerticalScrollView.swift; sourceTree = "<group>"; };
		E05EB6691A04B3B000A52458 /* ClipView.swift */ = {isa = PBXFileReference; fileEncoding = 4; lastKnownFileType = sourcecode.swift; path = ClipView.swift; sourceTree = "<group>"; };
		E05EB66B1A04B3D700A52458 /* CardScrollView.swift */ = {isa = PBXFileReference; fileEncoding = 4; lastKnownFileType = sourcecode.swift; path = CardScrollView.swift; sourceTree = "<group>"; };
		E05EB66D1A04B3E800A52458 /* Card.swift */ = {isa = PBXFileReference; fileEncoding = 4; lastKnownFileType = sourcecode.swift; path = Card.swift; sourceTree = "<group>"; };
		E05EB66F1A0505FB00A52458 /* LoginViewController.swift */ = {isa = PBXFileReference; fileEncoding = 4; lastKnownFileType = sourcecode.swift; path = LoginViewController.swift; sourceTree = "<group>"; };
		E05EB6F61A05620800A52458 /* FacebookSDK.framework */ = {isa = PBXFileReference; lastKnownFileType = wrapper.framework; path = FacebookSDK.framework; sourceTree = "<group>"; };
		E05EB6F81A059DB800A52458 /* Alamofire.xcodeproj */ = {isa = PBXFileReference; lastKnownFileType = "wrapper.pb-project"; name = Alamofire.xcodeproj; path = Alamofire/Alamofire.xcodeproj; sourceTree = "<group>"; };
/* End PBXFileReference section */

/* Begin PBXFrameworksBuildPhase section */
		99EE4B501A04983500F9B7CF /* Frameworks */ = {
			isa = PBXFrameworksBuildPhase;
			buildActionMask = 2147483647;
			files = (
				993451F11A05353000178444 /* ParseFacebookUtils.framework in Frameworks */,
				99A349471A04A148006E15AF /* SystemConfiguration.framework in Frameworks */,
				99A349481A04A148006E15AF /* StoreKit.framework in Frameworks */,
				99A349491A04A148006E15AF /* Security.framework in Frameworks */,
				99A349521A04A5E6006E15AF /* Bolts.framework in Frameworks */,
				99A3494A1A04A148006E15AF /* QuartzCore.framework in Frameworks */,
				99A3494B1A04A148006E15AF /* MobileCoreServices.framework in Frameworks */,
				99A3494C1A04A148006E15AF /* libz.dylib in Frameworks */,
				99A3494D1A04A148006E15AF /* CoreLocation.framework in Frameworks */,
				99A3494E1A04A148006E15AF /* CoreGraphics.framework in Frameworks */,
				99A3494F1A04A148006E15AF /* CFNetwork.framework in Frameworks */,
				99A349501A04A148006E15AF /* AudioToolbox.framework in Frameworks */,
				99EE4C031A04A05300F9B7CF /* Parse.framework in Frameworks */,
				E05EB6F71A05620800A52458 /* FacebookSDK.framework in Frameworks */,
			);
			runOnlyForDeploymentPostprocessing = 0;
		};
		99EE4B651A04983500F9B7CF /* Frameworks */ = {
			isa = PBXFrameworksBuildPhase;
			buildActionMask = 2147483647;
			files = (
			);
			runOnlyForDeploymentPostprocessing = 0;
		};
/* End PBXFrameworksBuildPhase section */

/* Begin PBXGroup section */
		99EE4B4A1A04983500F9B7CF = {
			isa = PBXGroup;
			children = (
				E05EB6F81A059DB800A52458 /* Alamofire.xcodeproj */,
				99EE4B551A04983500F9B7CF /* Roam */,
				99EE4B6B1A04983500F9B7CF /* RoamTests */,
				99EE4B541A04983500F9B7CF /* Products */,
				993451ED1A05342C00178444 /* Roam-Bridging-Header.h */,
			);
			sourceTree = "<group>";
		};
		99EE4B541A04983500F9B7CF /* Products */ = {
			isa = PBXGroup;
			children = (
				99EE4B531A04983500F9B7CF /* Roam.app */,
				99EE4B681A04983500F9B7CF /* RoamTests.xctest */,
			);
			name = Products;
			sourceTree = "<group>";
		};
		99EE4B551A04983500F9B7CF /* Roam */ = {
			isa = PBXGroup;
			children = (
				99EE4B581A04983500F9B7CF /* AppDelegate.swift */,
				E05EB66F1A0505FB00A52458 /* LoginViewController.swift */,
				99EE4B5A1A04983500F9B7CF /* ViewController.swift */,
				E05EB66B1A04B3D700A52458 /* CardScrollView.swift */,
				E05EB6671A04B37800A52458 /* VerticalScrollView.swift */,
				E05EB6691A04B3B000A52458 /* ClipView.swift */,
				E05EB66D1A04B3E800A52458 /* Card.swift */,
				99EE4B5C1A04983500F9B7CF /* Main.storyboard */,
				99EE4B5F1A04983500F9B7CF /* Images.xcassets */,
				99EE4B611A04983500F9B7CF /* LaunchScreen.xib */,
				99EE4B561A04983500F9B7CF /* Supporting Files */,
			);
			path = Roam;
			sourceTree = "<group>";
		};
		99EE4B561A04983500F9B7CF /* Supporting Files */ = {
			isa = PBXGroup;
			children = (
				99EE4BFA1A049FFE00F9B7CF /* Frameworks */,
				99EE4B571A04983500F9B7CF /* Info.plist */,
			);
			name = "Supporting Files";
			sourceTree = "<group>";
		};
		99EE4B6B1A04983500F9B7CF /* RoamTests */ = {
			isa = PBXGroup;
			children = (
				99EE4B6E1A04983500F9B7CF /* RoamTests.swift */,
				99EE4B6C1A04983500F9B7CF /* Supporting Files */,
			);
			path = RoamTests;
			sourceTree = "<group>";
		};
		99EE4B6C1A04983500F9B7CF /* Supporting Files */ = {
			isa = PBXGroup;
			children = (
				99EE4B6D1A04983500F9B7CF /* Info.plist */,
			);
			name = "Supporting Files";
			sourceTree = "<group>";
		};
		99EE4BFA1A049FFE00F9B7CF /* Frameworks */ = {
			isa = PBXGroup;
			children = (
				E05EB6F61A05620800A52458 /* FacebookSDK.framework */,
				993451F01A05353000178444 /* ParseFacebookUtils.framework */,
				99A349511A04A5E6006E15AF /* Bolts.framework */,
				99A349451A04A134006E15AF /* SystemConfiguration.framework */,
				99A349431A04A12D006E15AF /* StoreKit.framework */,
				99A349411A04A126006E15AF /* Security.framework */,
				99A3493F1A04A120006E15AF /* QuartzCore.framework */,
				99A3493D1A04A11A006E15AF /* MobileCoreServices.framework */,
				99A3493B1A04A112006E15AF /* libz.dylib */,
				99A349391A04A107006E15AF /* CoreLocation.framework */,
				99A349371A04A102006E15AF /* CoreGraphics.framework */,
				99A349351A04A0DA006E15AF /* CFNetwork.framework */,
				99A349331A04A0D4006E15AF /* AudioToolbox.framework */,
				99EE4C021A04A05300F9B7CF /* Parse.framework */,
			);
			name = Frameworks;
			sourceTree = "<group>";
		};
		E05EB6F91A059DB800A52458 /* Products */ = {
			isa = PBXGroup;
			children = (
				E05EB6FE1A059DB800A52458 /* Alamofire.framework */,
				E05EB7001A059DB800A52458 /* AlamofireTests.xctest */,
			);
			name = Products;
			sourceTree = "<group>";
		};
/* End PBXGroup section */

/* Begin PBXNativeTarget section */
		99EE4B521A04983500F9B7CF /* Roam */ = {
			isa = PBXNativeTarget;
			buildConfigurationList = 99EE4B721A04983500F9B7CF /* Build configuration list for PBXNativeTarget "Roam" */;
			buildPhases = (
				99EE4B4F1A04983500F9B7CF /* Sources */,
				99EE4B501A04983500F9B7CF /* Frameworks */,
				99EE4B511A04983500F9B7CF /* Resources */,
				E05EB7031A059EB900A52458 /* Copy Frameworks */,
			);
			buildRules = (
			);
			dependencies = (
				E05EB7021A059EA400A52458 /* PBXTargetDependency */,
			);
			name = Roam;
			productName = Roam;
			productReference = 99EE4B531A04983500F9B7CF /* Roam.app */;
			productType = "com.apple.product-type.application";
		};
		99EE4B671A04983500F9B7CF /* RoamTests */ = {
			isa = PBXNativeTarget;
			buildConfigurationList = 99EE4B751A04983500F9B7CF /* Build configuration list for PBXNativeTarget "RoamTests" */;
			buildPhases = (
				99EE4B641A04983500F9B7CF /* Sources */,
				99EE4B651A04983500F9B7CF /* Frameworks */,
				99EE4B661A04983500F9B7CF /* Resources */,
			);
			buildRules = (
			);
			dependencies = (
				99EE4B6A1A04983500F9B7CF /* PBXTargetDependency */,
			);
			name = RoamTests;
			productName = RoamTests;
			productReference = 99EE4B681A04983500F9B7CF /* RoamTests.xctest */;
			productType = "com.apple.product-type.bundle.unit-test";
		};
/* End PBXNativeTarget section */

/* Begin PBXProject section */
		99EE4B4B1A04983500F9B7CF /* Project object */ = {
			isa = PBXProject;
			attributes = {
				LastUpgradeCheck = 0610;
				ORGANIZATIONNAME = "Richard Kim";
				TargetAttributes = {
					99EE4B521A04983500F9B7CF = {
						CreatedOnToolsVersion = 6.1;
						DevelopmentTeam = 5FXE8NKT6P;
					};
					99EE4B671A04983500F9B7CF = {
						CreatedOnToolsVersion = 6.1;
						TestTargetID = 99EE4B521A04983500F9B7CF;
					};
				};
			};
			buildConfigurationList = 99EE4B4E1A04983500F9B7CF /* Build configuration list for PBXProject "Roam" */;
			compatibilityVersion = "Xcode 3.2";
			developmentRegion = English;
			hasScannedForEncodings = 0;
			knownRegions = (
				en,
				Base,
			);
			mainGroup = 99EE4B4A1A04983500F9B7CF;
			productRefGroup = 99EE4B541A04983500F9B7CF /* Products */;
			projectDirPath = "";
			projectReferences = (
				{
					ProductGroup = E05EB6F91A059DB800A52458 /* Products */;
					ProjectRef = E05EB6F81A059DB800A52458 /* Alamofire.xcodeproj */;
				},
			);
			projectRoot = "";
			targets = (
				99EE4B521A04983500F9B7CF /* Roam */,
				99EE4B671A04983500F9B7CF /* RoamTests */,
			);
		};
/* End PBXProject section */

/* Begin PBXReferenceProxy section */
		E05EB6FE1A059DB800A52458 /* Alamofire.framework */ = {
			isa = PBXReferenceProxy;
			fileType = wrapper.framework;
			path = Alamofire.framework;
			remoteRef = E05EB6FD1A059DB800A52458 /* PBXContainerItemProxy */;
			sourceTree = BUILT_PRODUCTS_DIR;
		};
		E05EB7001A059DB800A52458 /* AlamofireTests.xctest */ = {
			isa = PBXReferenceProxy;
			fileType = wrapper.cfbundle;
			path = AlamofireTests.xctest;
			remoteRef = E05EB6FF1A059DB800A52458 /* PBXContainerItemProxy */;
			sourceTree = BUILT_PRODUCTS_DIR;
		};
/* End PBXReferenceProxy section */

/* Begin PBXResourcesBuildPhase section */
		99EE4B511A04983500F9B7CF /* Resources */ = {
			isa = PBXResourcesBuildPhase;
			buildActionMask = 2147483647;
			files = (
				99EE4B5E1A04983500F9B7CF /* Main.storyboard in Resources */,
				99EE4B631A04983500F9B7CF /* LaunchScreen.xib in Resources */,
				99EE4B601A04983500F9B7CF /* Images.xcassets in Resources */,
			);
			runOnlyForDeploymentPostprocessing = 0;
		};
		99EE4B661A04983500F9B7CF /* Resources */ = {
			isa = PBXResourcesBuildPhase;
			buildActionMask = 2147483647;
			files = (
			);
			runOnlyForDeploymentPostprocessing = 0;
		};
/* End PBXResourcesBuildPhase section */

/* Begin PBXSourcesBuildPhase section */
		99EE4B4F1A04983500F9B7CF /* Sources */ = {
			isa = PBXSourcesBuildPhase;
			buildActionMask = 2147483647;
			files = (
				E05EB6701A0505FB00A52458 /* LoginViewController.swift in Sources */,
				E05EB66C1A04B3D700A52458 /* CardScrollView.swift in Sources */,
				E05EB66E1A04B3E800A52458 /* Card.swift in Sources */,
				E05EB66A1A04B3B000A52458 /* ClipView.swift in Sources */,
				E05EB6681A04B37800A52458 /* VerticalScrollView.swift in Sources */,
				99EE4B5B1A04983500F9B7CF /* ViewController.swift in Sources */,
				99EE4B591A04983500F9B7CF /* AppDelegate.swift in Sources */,
			);
			runOnlyForDeploymentPostprocessing = 0;
		};
		99EE4B641A04983500F9B7CF /* Sources */ = {
			isa = PBXSourcesBuildPhase;
			buildActionMask = 2147483647;
			files = (
				99EE4B6F1A04983500F9B7CF /* RoamTests.swift in Sources */,
			);
			runOnlyForDeploymentPostprocessing = 0;
		};
/* End PBXSourcesBuildPhase section */

/* Begin PBXTargetDependency section */
		99EE4B6A1A04983500F9B7CF /* PBXTargetDependency */ = {
			isa = PBXTargetDependency;
			target = 99EE4B521A04983500F9B7CF /* Roam */;
			targetProxy = 99EE4B691A04983500F9B7CF /* PBXContainerItemProxy */;
		};
		E05EB7021A059EA400A52458 /* PBXTargetDependency */ = {
			isa = PBXTargetDependency;
			name = Alamofire;
			targetProxy = E05EB7011A059EA400A52458 /* PBXContainerItemProxy */;
		};
/* End PBXTargetDependency section */

/* Begin PBXVariantGroup section */
		99EE4B5C1A04983500F9B7CF /* Main.storyboard */ = {
			isa = PBXVariantGroup;
			children = (
				99EE4B5D1A04983500F9B7CF /* Base */,
			);
			name = Main.storyboard;
			sourceTree = "<group>";
		};
		99EE4B611A04983500F9B7CF /* LaunchScreen.xib */ = {
			isa = PBXVariantGroup;
			children = (
				99EE4B621A04983500F9B7CF /* Base */,
			);
			name = LaunchScreen.xib;
			sourceTree = "<group>";
		};
/* End PBXVariantGroup section */

/* Begin XCBuildConfiguration section */
		99EE4B701A04983500F9B7CF /* Debug */ = {
			isa = XCBuildConfiguration;
			buildSettings = {
				ALWAYS_SEARCH_USER_PATHS = NO;
				CLANG_CXX_LANGUAGE_STANDARD = "gnu++0x";
				CLANG_CXX_LIBRARY = "libc++";
				CLANG_ENABLE_MODULES = YES;
				CLANG_ENABLE_OBJC_ARC = YES;
				CLANG_WARN_BOOL_CONVERSION = YES;
				CLANG_WARN_CONSTANT_CONVERSION = YES;
				CLANG_WARN_DIRECT_OBJC_ISA_USAGE = YES_ERROR;
				CLANG_WARN_EMPTY_BODY = YES;
				CLANG_WARN_ENUM_CONVERSION = YES;
				CLANG_WARN_INT_CONVERSION = YES;
				CLANG_WARN_OBJC_ROOT_CLASS = YES_ERROR;
				CLANG_WARN_UNREACHABLE_CODE = YES;
				CLANG_WARN__DUPLICATE_METHOD_MATCH = YES;
				"CODE_SIGN_IDENTITY[sdk=iphoneos*]" = "iPhone Developer";
				COPY_PHASE_STRIP = NO;
				ENABLE_STRICT_OBJC_MSGSEND = YES;
				GCC_C_LANGUAGE_STANDARD = gnu99;
				GCC_DYNAMIC_NO_PIC = NO;
				GCC_OPTIMIZATION_LEVEL = 0;
				GCC_PREPROCESSOR_DEFINITIONS = (
					"DEBUG=1",
					"$(inherited)",
				);
				GCC_SYMBOLS_PRIVATE_EXTERN = NO;
				GCC_WARN_64_TO_32_BIT_CONVERSION = YES;
				GCC_WARN_ABOUT_RETURN_TYPE = YES_ERROR;
				GCC_WARN_UNDECLARED_SELECTOR = YES;
				GCC_WARN_UNINITIALIZED_AUTOS = YES_AGGRESSIVE;
				GCC_WARN_UNUSED_FUNCTION = YES;
				GCC_WARN_UNUSED_VARIABLE = YES;
				IPHONEOS_DEPLOYMENT_TARGET = 8.1;
				MTL_ENABLE_DEBUG_INFO = YES;
				ONLY_ACTIVE_ARCH = YES;
				SDKROOT = iphoneos;
				SWIFT_OPTIMIZATION_LEVEL = "-Onone";
			};
			name = Debug;
		};
		99EE4B711A04983500F9B7CF /* Release */ = {
			isa = XCBuildConfiguration;
			buildSettings = {
				ALWAYS_SEARCH_USER_PATHS = NO;
				CLANG_CXX_LANGUAGE_STANDARD = "gnu++0x";
				CLANG_CXX_LIBRARY = "libc++";
				CLANG_ENABLE_MODULES = YES;
				CLANG_ENABLE_OBJC_ARC = YES;
				CLANG_WARN_BOOL_CONVERSION = YES;
				CLANG_WARN_CONSTANT_CONVERSION = YES;
				CLANG_WARN_DIRECT_OBJC_ISA_USAGE = YES_ERROR;
				CLANG_WARN_EMPTY_BODY = YES;
				CLANG_WARN_ENUM_CONVERSION = YES;
				CLANG_WARN_INT_CONVERSION = YES;
				CLANG_WARN_OBJC_ROOT_CLASS = YES_ERROR;
				CLANG_WARN_UNREACHABLE_CODE = YES;
				CLANG_WARN__DUPLICATE_METHOD_MATCH = YES;
				"CODE_SIGN_IDENTITY[sdk=iphoneos*]" = "iPhone Developer";
				COPY_PHASE_STRIP = YES;
				ENABLE_NS_ASSERTIONS = NO;
				ENABLE_STRICT_OBJC_MSGSEND = YES;
				GCC_C_LANGUAGE_STANDARD = gnu99;
				GCC_WARN_64_TO_32_BIT_CONVERSION = YES;
				GCC_WARN_ABOUT_RETURN_TYPE = YES_ERROR;
				GCC_WARN_UNDECLARED_SELECTOR = YES;
				GCC_WARN_UNINITIALIZED_AUTOS = YES_AGGRESSIVE;
				GCC_WARN_UNUSED_FUNCTION = YES;
				GCC_WARN_UNUSED_VARIABLE = YES;
				IPHONEOS_DEPLOYMENT_TARGET = 8.1;
				MTL_ENABLE_DEBUG_INFO = NO;
				SDKROOT = iphoneos;
				VALIDATE_PRODUCT = YES;
			};
			name = Release;
		};
		99EE4B731A04983500F9B7CF /* Debug */ = {
			isa = XCBuildConfiguration;
			buildSettings = {
				ASSETCATALOG_COMPILER_APPICON_NAME = AppIcon;
				ASSETCATALOG_COMPILER_LAUNCHIMAGE_NAME = LaunchImage;
				CLANG_ENABLE_MODULES = YES;
				CODE_SIGN_IDENTITY = "iPhone Developer";
				"CODE_SIGN_IDENTITY[sdk=iphoneos*]" = "iPhone Developer";
				FRAMEWORK_SEARCH_PATHS = (
					"$(inherited)",
					"$(PROJECT_DIR)/Roam/parse-library",
					"$(PROJECT_DIR)/Roam",
					/Users/cwrichardkim93/Documents/FacebookSDK,
				);
				INFOPLIST_FILE = Roam/Info.plist;
				IPHONEOS_DEPLOYMENT_TARGET = 8.0;
				LD_RUNPATH_SEARCH_PATHS = "$(inherited) @executable_path/Frameworks";
				PRODUCT_NAME = "$(TARGET_NAME)";
				PROVISIONING_PROFILE = "";
				SWIFT_OBJC_BRIDGING_HEADER = "Roam-Bridging-Header.h";
				SWIFT_OPTIMIZATION_LEVEL = "-Onone";
			};
			name = Debug;
		};
		99EE4B741A04983500F9B7CF /* Release */ = {
			isa = XCBuildConfiguration;
			buildSettings = {
				ASSETCATALOG_COMPILER_APPICON_NAME = AppIcon;
				ASSETCATALOG_COMPILER_LAUNCHIMAGE_NAME = LaunchImage;
				CLANG_ENABLE_MODULES = YES;
				CODE_SIGN_IDENTITY = "iPhone Developer";
				"CODE_SIGN_IDENTITY[sdk=iphoneos*]" = "iPhone Developer";
				FRAMEWORK_SEARCH_PATHS = (
					"$(inherited)",
					"$(PROJECT_DIR)/Roam/parse-library",
					"$(PROJECT_DIR)/Roam",
					/Users/cwrichardkim93/Documents/FacebookSDK,
				);
				INFOPLIST_FILE = Roam/Info.plist;
				IPHONEOS_DEPLOYMENT_TARGET = 8.0;
				LD_RUNPATH_SEARCH_PATHS = "$(inherited) @executable_path/Frameworks";
				PRODUCT_NAME = "$(TARGET_NAME)";
				PROVISIONING_PROFILE = "";
				SWIFT_OBJC_BRIDGING_HEADER = "Roam-Bridging-Header.h";
			};
			name = Release;
		};
		99EE4B761A04983500F9B7CF /* Debug */ = {
			isa = XCBuildConfiguration;
			buildSettings = {
				BUNDLE_LOADER = "$(TEST_HOST)";
				FRAMEWORK_SEARCH_PATHS = (
					"$(SDKROOT)/Developer/Library/Frameworks",
					"$(inherited)",
				);
				GCC_PREPROCESSOR_DEFINITIONS = (
					"DEBUG=1",
					"$(inherited)",
				);
				INFOPLIST_FILE = RoamTests/Info.plist;
				LD_RUNPATH_SEARCH_PATHS = "$(inherited) @executable_path/Frameworks @loader_path/Frameworks";
				PRODUCT_NAME = "$(TARGET_NAME)";
				TEST_HOST = "$(BUILT_PRODUCTS_DIR)/Roam.app/Roam";
			};
			name = Debug;
		};
		99EE4B771A04983500F9B7CF /* Release */ = {
			isa = XCBuildConfiguration;
			buildSettings = {
				BUNDLE_LOADER = "$(TEST_HOST)";
				FRAMEWORK_SEARCH_PATHS = (
					"$(SDKROOT)/Developer/Library/Frameworks",
					"$(inherited)",
				);
				INFOPLIST_FILE = RoamTests/Info.plist;
				LD_RUNPATH_SEARCH_PATHS = "$(inherited) @executable_path/Frameworks @loader_path/Frameworks";
				PRODUCT_NAME = "$(TARGET_NAME)";
				TEST_HOST = "$(BUILT_PRODUCTS_DIR)/Roam.app/Roam";
			};
			name = Release;
		};
/* End XCBuildConfiguration section */

/* Begin XCConfigurationList section */
		99EE4B4E1A04983500F9B7CF /* Build configuration list for PBXProject "Roam" */ = {
			isa = XCConfigurationList;
			buildConfigurations = (
				99EE4B701A04983500F9B7CF /* Debug */,
				99EE4B711A04983500F9B7CF /* Release */,
			);
			defaultConfigurationIsVisible = 0;
			defaultConfigurationName = Release;
		};
		99EE4B721A04983500F9B7CF /* Build configuration list for PBXNativeTarget "Roam" */ = {
			isa = XCConfigurationList;
			buildConfigurations = (
				99EE4B731A04983500F9B7CF /* Debug */,
				99EE4B741A04983500F9B7CF /* Release */,
			);
			defaultConfigurationIsVisible = 0;
			defaultConfigurationName = Release;
		};
		99EE4B751A04983500F9B7CF /* Build configuration list for PBXNativeTarget "RoamTests" */ = {
			isa = XCConfigurationList;
			buildConfigurations = (
				99EE4B761A04983500F9B7CF /* Debug */,
				99EE4B771A04983500F9B7CF /* Release */,
			);
			defaultConfigurationIsVisible = 0;
			defaultConfigurationName = Release;
		};
/* End XCConfigurationList section */
	};
	rootObject = 99EE4B4B1A04983500F9B7CF /* Project object */;
}
